// !$*UTF8*$!
{
	archiveVersion = 1;
	classes = {
	};
	objectVersion = 46;
	objects = {

/* Begin PBXBuildFile section */
		4205E2C51BDC532A00275E81 /* NSString+WithHeight.m in Sources */ = {isa = PBXBuildFile; fileRef = 4205E2C41BDC532A00275E81 /* NSString+WithHeight.m */; settings = {ASSET_TAGS = (); }; };
		422B32491BDBE2AE00E8FFD8 /* ImageUtilities.m in Sources */ = {isa = PBXBuildFile; fileRef = 422B32481BDBE2AE00E8FFD8 /* ImageUtilities.m */; settings = {ASSET_TAGS = (); }; };
		423682BC19D9B2AE00DE84EC /* main.m in Sources */ = {isa = PBXBuildFile; fileRef = 423682BB19D9B2AE00DE84EC /* main.m */; };
		423682BF19D9B2AE00DE84EC /* AppDelegate.m in Sources */ = {isa = PBXBuildFile; fileRef = 423682BE19D9B2AE00DE84EC /* AppDelegate.m */; };
		423682C819D9B2AE00DE84EC /* Main.storyboard in Resources */ = {isa = PBXBuildFile; fileRef = 423682C619D9B2AE00DE84EC /* Main.storyboard */; };
		423682CA19D9B2AE00DE84EC /* Images.xcassets in Resources */ = {isa = PBXBuildFile; fileRef = 423682C919D9B2AE00DE84EC /* Images.xcassets */; };
		423682CD19D9B2AE00DE84EC /* LaunchScreen.xib in Resources */ = {isa = PBXBuildFile; fileRef = 423682CB19D9B2AE00DE84EC /* LaunchScreen.xib */; };
		423682D919D9B2AE00DE84EC /* CoffeeKitTests.m in Sources */ = {isa = PBXBuildFile; fileRef = 423682D819D9B2AE00DE84EC /* CoffeeKitTests.m */; };
		42BFBEE21BDAE75500407326 /* ASFSharedViewTransition.m in Sources */ = {isa = PBXBuildFile; fileRef = 42BFBEE11BDAE75500407326 /* ASFSharedViewTransition.m */; settings = {ASSET_TAGS = (); }; };
		42DF05421BD88EDF00037D8B /* TableViewController.m in Sources */ = {isa = PBXBuildFile; fileRef = 42DF05341BD88EDF00037D8B /* TableViewController.m */; settings = {ASSET_TAGS = (); }; };
		42DF05551BD89D6300037D8B /* DataOM.m in Sources */ = {isa = PBXBuildFile; fileRef = 42DF05541BD89D6300037D8B /* DataOM.m */; settings = {ASSET_TAGS = (); }; };
		42DF055B1BD89DBA00037D8B /* SourceOM.m in Sources */ = {isa = PBXBuildFile; fileRef = 42DF055A1BD89DBA00037D8B /* SourceOM.m */; settings = {ASSET_TAGS = (); }; };
		42DF05661BD8A92100037D8B /* ImageOM.m in Sources */ = {isa = PBXBuildFile; fileRef = 42DF05651BD8A92100037D8B /* ImageOM.m */; settings = {ASSET_TAGS = (); }; };
		42DF056E1BD99BAF00037D8B /* WS_AFNetworkingTopReddit.m in Sources */ = {isa = PBXBuildFile; fileRef = 42DF056C1BD99BAF00037D8B /* WS_AFNetworkingTopReddit.m */; settings = {ASSET_TAGS = (); }; };
		42DF05711BD99C4300037D8B /* WS_NSURLSessionTopReddit.m in Sources */ = {isa = PBXBuildFile; fileRef = 42DF05701BD99C4300037D8B /* WS_NSURLSessionTopReddit.m */; settings = {ASSET_TAGS = (); }; };
		42DF05761BD99F8D00037D8B /* WS_AFNetworkingConnection.m in Sources */ = {isa = PBXBuildFile; fileRef = 42DF05751BD99F8D00037D8B /* WS_AFNetworkingConnection.m */; settings = {ASSET_TAGS = (); }; };
		42DF057A1BD9A06C00037D8B /* WS_NSURLSessionConnection.m in Sources */ = {isa = PBXBuildFile; fileRef = 42DF05791BD9A06C00037D8B /* WS_NSURLSessionConnection.m */; settings = {ASSET_TAGS = (); }; };
		42DF057E1BD9A7A100037D8B /* WebServicesAbstractFactory.m in Sources */ = {isa = PBXBuildFile; fileRef = 42DF057D1BD9A7A100037D8B /* WebServicesAbstractFactory.m */; settings = {ASSET_TAGS = (); }; };
		42DF05831BD9A94500037D8B /* WebServicesAFNetworkingFactory.m in Sources */ = {isa = PBXBuildFile; fileRef = 42DF05821BD9A94500037D8B /* WebServicesAFNetworkingFactory.m */; settings = {ASSET_TAGS = (); }; };
		42DF05861BD9A95A00037D8B /* WebServicesNSURLSessionFactory.m in Sources */ = {isa = PBXBuildFile; fileRef = 42DF05851BD9A95A00037D8B /* WebServicesNSURLSessionFactory.m */; settings = {ASSET_TAGS = (); }; };
		42DF05891BD9E59D00037D8B /* Constants.m in Sources */ = {isa = PBXBuildFile; fileRef = 42DF05881BD9E59D00037D8B /* Constants.m */; settings = {ASSET_TAGS = (); }; };
		42DF058D1BD9F51500037D8B /* LinkCell.m in Sources */ = {isa = PBXBuildFile; fileRef = 42DF058C1BD9F51500037D8B /* LinkCell.m */; settings = {ASSET_TAGS = (); }; };
		42DF05901BD9F53C00037D8B /* DetailViewController.m in Sources */ = {isa = PBXBuildFile; fileRef = 42DF058F1BD9F53C00037D8B /* DetailViewController.m */; settings = {ASSET_TAGS = (); }; };
		42DF05931BD9FC1A00037D8B /* CacheManager.m in Sources */ = {isa = PBXBuildFile; fileRef = 42DF05921BD9FC1A00037D8B /* CacheManager.m */; settings = {ASSET_TAGS = (); }; };
		B05ACCFD4F7F4AA891A67D4D /* libPods.a in Frameworks */ = {isa = PBXBuildFile; fileRef = A6FDE12E64C8480CAB5FEC81 /* libPods.a */; };
/* End PBXBuildFile section */

/* Begin PBXContainerItemProxy section */
		423682D319D9B2AE00DE84EC /* PBXContainerItemProxy */ = {
			isa = PBXContainerItemProxy;
			containerPortal = 423682AE19D9B2AE00DE84EC /* Project object */;
			proxyType = 1;
			remoteGlobalIDString = 423682B519D9B2AE00DE84EC;
			remoteInfo = CoffeeKit;
		};
/* End PBXContainerItemProxy section */

/* Begin PBXFileReference section */
		15183D62018B5E4CF1B9A1D4 /* Pods.debug.xcconfig */ = {isa = PBXFileReference; includeInIndex = 1; lastKnownFileType = text.xcconfig; name = Pods.debug.xcconfig; path = "Pods/Target Support Files/Pods/Pods.debug.xcconfig"; sourceTree = "<group>"; };
		4205E2C31BDC532A00275E81 /* NSString+WithHeight.h */ = {isa = PBXFileReference; fileEncoding = 4; lastKnownFileType = sourcecode.c.h; path = "NSString+WithHeight.h"; sourceTree = "<group>"; };
		4205E2C41BDC532A00275E81 /* NSString+WithHeight.m */ = {isa = PBXFileReference; fileEncoding = 4; lastKnownFileType = sourcecode.c.objc; path = "NSString+WithHeight.m"; sourceTree = "<group>"; };
		422B32471BDBE2AE00E8FFD8 /* ImageUtilities.h */ = {isa = PBXFileReference; fileEncoding = 4; lastKnownFileType = sourcecode.c.h; path = ImageUtilities.h; sourceTree = "<group>"; };
		422B32481BDBE2AE00E8FFD8 /* ImageUtilities.m */ = {isa = PBXFileReference; fileEncoding = 4; lastKnownFileType = sourcecode.c.objc; path = ImageUtilities.m; sourceTree = "<group>"; };
		423682B619D9B2AE00DE84EC /* CoffeeKit.app */ = {isa = PBXFileReference; explicitFileType = wrapper.application; includeInIndex = 0; path = CoffeeKit.app; sourceTree = BUILT_PRODUCTS_DIR; };
		423682BA19D9B2AE00DE84EC /* Info.plist */ = {isa = PBXFileReference; lastKnownFileType = text.plist.xml; path = Info.plist; sourceTree = "<group>"; };
		423682BB19D9B2AE00DE84EC /* main.m */ = {isa = PBXFileReference; lastKnownFileType = sourcecode.c.objc; path = main.m; sourceTree = "<group>"; };
		423682BD19D9B2AE00DE84EC /* AppDelegate.h */ = {isa = PBXFileReference; lastKnownFileType = sourcecode.c.h; path = AppDelegate.h; sourceTree = "<group>"; };
		423682BE19D9B2AE00DE84EC /* AppDelegate.m */ = {isa = PBXFileReference; lastKnownFileType = sourcecode.c.objc; path = AppDelegate.m; sourceTree = "<group>"; };
		423682C719D9B2AE00DE84EC /* Base */ = {isa = PBXFileReference; lastKnownFileType = file.storyboard; name = Base; path = Base.lproj/Main.storyboard; sourceTree = "<group>"; };
		423682C919D9B2AE00DE84EC /* Images.xcassets */ = {isa = PBXFileReference; lastKnownFileType = folder.assetcatalog; path = Images.xcassets; sourceTree = "<group>"; };
		423682CC19D9B2AE00DE84EC /* Base */ = {isa = PBXFileReference; lastKnownFileType = file.xib; name = Base; path = Base.lproj/LaunchScreen.xib; sourceTree = "<group>"; };
		423682D219D9B2AE00DE84EC /* CoffeeKitTests.xctest */ = {isa = PBXFileReference; explicitFileType = wrapper.cfbundle; includeInIndex = 0; path = CoffeeKitTests.xctest; sourceTree = BUILT_PRODUCTS_DIR; };
		423682D719D9B2AE00DE84EC /* Info.plist */ = {isa = PBXFileReference; lastKnownFileType = text.plist.xml; path = Info.plist; sourceTree = "<group>"; };
		423682D819D9B2AE00DE84EC /* CoffeeKitTests.m */ = {isa = PBXFileReference; lastKnownFileType = sourcecode.c.objc; path = CoffeeKitTests.m; sourceTree = "<group>"; };
		42BFBEE01BDAE75500407326 /* ASFSharedViewTransition.h */ = {isa = PBXFileReference; fileEncoding = 4; lastKnownFileType = sourcecode.c.h; path = ASFSharedViewTransition.h; sourceTree = "<group>"; };
		42BFBEE11BDAE75500407326 /* ASFSharedViewTransition.m */ = {isa = PBXFileReference; fileEncoding = 4; lastKnownFileType = sourcecode.c.objc; path = ASFSharedViewTransition.m; sourceTree = "<group>"; };
		42DF05331BD88EDF00037D8B /* TableViewController.h */ = {isa = PBXFileReference; fileEncoding = 4; lastKnownFileType = sourcecode.c.h; path = TableViewController.h; sourceTree = "<group>"; };
		42DF05341BD88EDF00037D8B /* TableViewController.m */ = {isa = PBXFileReference; fileEncoding = 4; lastKnownFileType = sourcecode.c.objc; path = TableViewController.m; sourceTree = "<group>"; };
		42DF05531BD89D6300037D8B /* DataOM.h */ = {isa = PBXFileReference; fileEncoding = 4; lastKnownFileType = sourcecode.c.h; path = DataOM.h; sourceTree = "<group>"; };
		42DF05541BD89D6300037D8B /* DataOM.m */ = {isa = PBXFileReference; fileEncoding = 4; lastKnownFileType = sourcecode.c.objc; path = DataOM.m; sourceTree = "<group>"; };
		42DF05591BD89DBA00037D8B /* SourceOM.h */ = {isa = PBXFileReference; fileEncoding = 4; lastKnownFileType = sourcecode.c.h; path = SourceOM.h; sourceTree = "<group>"; };
		42DF055A1BD89DBA00037D8B /* SourceOM.m */ = {isa = PBXFileReference; fileEncoding = 4; lastKnownFileType = sourcecode.c.objc; path = SourceOM.m; sourceTree = "<group>"; };
		42DF05641BD8A92100037D8B /* ImageOM.h */ = {isa = PBXFileReference; fileEncoding = 4; lastKnownFileType = sourcecode.c.h; path = ImageOM.h; sourceTree = "<group>"; };
		42DF05651BD8A92100037D8B /* ImageOM.m */ = {isa = PBXFileReference; fileEncoding = 4; lastKnownFileType = sourcecode.c.objc; path = ImageOM.m; sourceTree = "<group>"; };
		42DF056B1BD99BAF00037D8B /* WS_AFNetworkingTopReddit.h */ = {isa = PBXFileReference; fileEncoding = 4; lastKnownFileType = sourcecode.c.h; path = WS_AFNetworkingTopReddit.h; sourceTree = "<group>"; };
		42DF056C1BD99BAF00037D8B /* WS_AFNetworkingTopReddit.m */ = {isa = PBXFileReference; fileEncoding = 4; lastKnownFileType = sourcecode.c.objc; path = WS_AFNetworkingTopReddit.m; sourceTree = "<group>"; };
		42DF056F1BD99C4300037D8B /* WS_NSURLSessionTopReddit.h */ = {isa = PBXFileReference; fileEncoding = 4; lastKnownFileType = sourcecode.c.h; path = WS_NSURLSessionTopReddit.h; sourceTree = "<group>"; };
		42DF05701BD99C4300037D8B /* WS_NSURLSessionTopReddit.m */ = {isa = PBXFileReference; fileEncoding = 4; lastKnownFileType = sourcecode.c.objc; path = WS_NSURLSessionTopReddit.m; sourceTree = "<group>"; };
		42DF05721BD99C5800037D8B /* WSTopReddit.h */ = {isa = PBXFileReference; lastKnownFileType = sourcecode.c.h; path = WSTopReddit.h; sourceTree = "<group>"; };
		42DF05741BD99F8D00037D8B /* WS_AFNetworkingConnection.h */ = {isa = PBXFileReference; fileEncoding = 4; lastKnownFileType = sourcecode.c.h; path = WS_AFNetworkingConnection.h; sourceTree = "<group>"; };
		42DF05751BD99F8D00037D8B /* WS_AFNetworkingConnection.m */ = {isa = PBXFileReference; fileEncoding = 4; lastKnownFileType = sourcecode.c.objc; path = WS_AFNetworkingConnection.m; sourceTree = "<group>"; };
		42DF05781BD9A06C00037D8B /* WS_NSURLSessionConnection.h */ = {isa = PBXFileReference; fileEncoding = 4; lastKnownFileType = sourcecode.c.h; path = WS_NSURLSessionConnection.h; sourceTree = "<group>"; };
		42DF05791BD9A06C00037D8B /* WS_NSURLSessionConnection.m */ = {isa = PBXFileReference; fileEncoding = 4; lastKnownFileType = sourcecode.c.objc; path = WS_NSURLSessionConnection.m; sourceTree = "<group>"; };
		42DF057B1BD9A7A100037D8B /* WebServicesAbstracFactoryProtocol.h */ = {isa = PBXFileReference; fileEncoding = 4; lastKnownFileType = sourcecode.c.h; path = WebServicesAbstracFactoryProtocol.h; sourceTree = "<group>"; };
		42DF057C1BD9A7A100037D8B /* WebServicesAbstractFactory.h */ = {isa = PBXFileReference; fileEncoding = 4; lastKnownFileType = sourcecode.c.h; path = WebServicesAbstractFactory.h; sourceTree = "<group>"; };
		42DF057D1BD9A7A100037D8B /* WebServicesAbstractFactory.m */ = {isa = PBXFileReference; fileEncoding = 4; lastKnownFileType = sourcecode.c.objc; path = WebServicesAbstractFactory.m; sourceTree = "<group>"; };
		42DF05811BD9A94500037D8B /* WebServicesAFNetworkingFactory.h */ = {isa = PBXFileReference; fileEncoding = 4; lastKnownFileType = sourcecode.c.h; path = WebServicesAFNetworkingFactory.h; sourceTree = "<group>"; };
		42DF05821BD9A94500037D8B /* WebServicesAFNetworkingFactory.m */ = {isa = PBXFileReference; fileEncoding = 4; lastKnownFileType = sourcecode.c.objc; path = WebServicesAFNetworkingFactory.m; sourceTree = "<group>"; };
		42DF05841BD9A95A00037D8B /* WebServicesNSURLSessionFactory.h */ = {isa = PBXFileReference; fileEncoding = 4; lastKnownFileType = sourcecode.c.h; path = WebServicesNSURLSessionFactory.h; sourceTree = "<group>"; };
		42DF05851BD9A95A00037D8B /* WebServicesNSURLSessionFactory.m */ = {isa = PBXFileReference; fileEncoding = 4; lastKnownFileType = sourcecode.c.objc; path = WebServicesNSURLSessionFactory.m; sourceTree = "<group>"; };
		42DF05871BD9E59D00037D8B /* Constants.h */ = {isa = PBXFileReference; fileEncoding = 4; lastKnownFileType = sourcecode.c.h; path = Constants.h; sourceTree = "<group>"; };
		42DF05881BD9E59D00037D8B /* Constants.m */ = {isa = PBXFileReference; fileEncoding = 4; lastKnownFileType = sourcecode.c.objc; path = Constants.m; sourceTree = "<group>"; };
		42DF058B1BD9F51500037D8B /* LinkCell.h */ = {isa = PBXFileReference; fileEncoding = 4; lastKnownFileType = sourcecode.c.h; path = LinkCell.h; sourceTree = "<group>"; };
		42DF058C1BD9F51500037D8B /* LinkCell.m */ = {isa = PBXFileReference; fileEncoding = 4; lastKnownFileType = sourcecode.c.objc; path = LinkCell.m; sourceTree = "<group>"; };
		42DF058E1BD9F53C00037D8B /* DetailViewController.h */ = {isa = PBXFileReference; fileEncoding = 4; lastKnownFileType = sourcecode.c.h; path = DetailViewController.h; sourceTree = "<group>"; };
		42DF058F1BD9F53C00037D8B /* DetailViewController.m */ = {isa = PBXFileReference; fileEncoding = 4; lastKnownFileType = sourcecode.c.objc; path = DetailViewController.m; sourceTree = "<group>"; };
		42DF05911BD9FC1A00037D8B /* CacheManager.h */ = {isa = PBXFileReference; fileEncoding = 4; lastKnownFileType = sourcecode.c.h; path = CacheManager.h; sourceTree = "<group>"; };
		42DF05921BD9FC1A00037D8B /* CacheManager.m */ = {isa = PBXFileReference; fileEncoding = 4; lastKnownFileType = sourcecode.c.objc; path = CacheManager.m; sourceTree = "<group>"; };
		8F84449B9B23B2B816A3BD3B /* Pods.release.xcconfig */ = {isa = PBXFileReference; includeInIndex = 1; lastKnownFileType = text.xcconfig; name = Pods.release.xcconfig; path = "Pods/Target Support Files/Pods/Pods.release.xcconfig"; sourceTree = "<group>"; };
		A6FDE12E64C8480CAB5FEC81 /* libPods.a */ = {isa = PBXFileReference; explicitFileType = archive.ar; includeInIndex = 0; path = libPods.a; sourceTree = BUILT_PRODUCTS_DIR; };
/* End PBXFileReference section */

/* Begin PBXFrameworksBuildPhase section */
		423682B319D9B2AE00DE84EC /* Frameworks */ = {
			isa = PBXFrameworksBuildPhase;
			buildActionMask = 2147483647;
			files = (
				B05ACCFD4F7F4AA891A67D4D /* libPods.a in Frameworks */,
			);
			runOnlyForDeploymentPostprocessing = 0;
		};
		423682CF19D9B2AE00DE84EC /* Frameworks */ = {
			isa = PBXFrameworksBuildPhase;
			buildActionMask = 2147483647;
			files = (
			);
			runOnlyForDeploymentPostprocessing = 0;
		};
/* End PBXFrameworksBuildPhase section */

/* Begin PBXGroup section */
		423682AD19D9B2AE00DE84EC = {
			isa = PBXGroup;
			children = (
				42DF05451BD89CC800037D8B /* ObjectMapping */,
				42DF05321BD88EDF00037D8B /* controllers */,
				42DF05351BD88EDF00037D8B /* utilities */,
				42DF05361BD88EDF00037D8B /* ws */,
				423682B819D9B2AE00DE84EC /* CoffeeKit */,
				423682D519D9B2AE00DE84EC /* CoffeeKitTests */,
				423682B719D9B2AE00DE84EC /* Products */,
				BE3B4F76044B4A89BF4F2EBA /* Frameworks */,
				4B5E4F3135D6ED6637696E70 /* Pods */,
			);
			sourceTree = "<group>";
		};
		423682B719D9B2AE00DE84EC /* Products */ = {
			isa = PBXGroup;
			children = (
				423682B619D9B2AE00DE84EC /* CoffeeKit.app */,
				423682D219D9B2AE00DE84EC /* CoffeeKitTests.xctest */,
			);
			name = Products;
			sourceTree = "<group>";
		};
		423682B819D9B2AE00DE84EC /* CoffeeKit */ = {
			isa = PBXGroup;
			children = (
				423682BD19D9B2AE00DE84EC /* AppDelegate.h */,
				423682BE19D9B2AE00DE84EC /* AppDelegate.m */,
				423682C619D9B2AE00DE84EC /* Main.storyboard */,
				423682C919D9B2AE00DE84EC /* Images.xcassets */,
				423682CB19D9B2AE00DE84EC /* LaunchScreen.xib */,
				423682B919D9B2AE00DE84EC /* Supporting Files */,
			);
			path = CoffeeKit;
			sourceTree = "<group>";
		};
		423682B919D9B2AE00DE84EC /* Supporting Files */ = {
			isa = PBXGroup;
			children = (
				423682BA19D9B2AE00DE84EC /* Info.plist */,
				423682BB19D9B2AE00DE84EC /* main.m */,
			);
			name = "Supporting Files";
			sourceTree = "<group>";
		};
		423682D519D9B2AE00DE84EC /* CoffeeKitTests */ = {
			isa = PBXGroup;
			children = (
				423682D819D9B2AE00DE84EC /* CoffeeKitTests.m */,
				423682D619D9B2AE00DE84EC /* Supporting Files */,
			);
			path = CoffeeKitTests;
			sourceTree = "<group>";
		};
		423682D619D9B2AE00DE84EC /* Supporting Files */ = {
			isa = PBXGroup;
			children = (
				423682D719D9B2AE00DE84EC /* Info.plist */,
			);
			name = "Supporting Files";
			sourceTree = "<group>";
		};
		42DF05321BD88EDF00037D8B /* controllers */ = {
			isa = PBXGroup;
			children = (
				42DF058A1BD9F4C700037D8B /* Cells */,
				42DF05331BD88EDF00037D8B /* TableViewController.h */,
				42DF05341BD88EDF00037D8B /* TableViewController.m */,
				42DF058E1BD9F53C00037D8B /* DetailViewController.h */,
				42DF058F1BD9F53C00037D8B /* DetailViewController.m */,
			);
			name = controllers;
			path = CoffeeKit/controllers;
			sourceTree = "<group>";
		};
		42DF05351BD88EDF00037D8B /* utilities */ = {
			isa = PBXGroup;
			children = (
				42BFBEE01BDAE75500407326 /* ASFSharedViewTransition.h */,
				42BFBEE11BDAE75500407326 /* ASFSharedViewTransition.m */,
				42DF05911BD9FC1A00037D8B /* CacheManager.h */,
				42DF05921BD9FC1A00037D8B /* CacheManager.m */,
				42DF05871BD9E59D00037D8B /* Constants.h */,
				42DF05881BD9E59D00037D8B /* Constants.m */,
				422B32471BDBE2AE00E8FFD8 /* ImageUtilities.h */,
				422B32481BDBE2AE00E8FFD8 /* ImageUtilities.m */,
				4205E2C31BDC532A00275E81 /* NSString+WithHeight.h */,
				4205E2C41BDC532A00275E81 /* NSString+WithHeight.m */,
			);
			name = utilities;
			path = CoffeeKit/utilities;
			sourceTree = "<group>";
		};
		42DF05361BD88EDF00037D8B /* ws */ = {
			isa = PBXGroup;
			children = (
				42DF05371BD88EDF00037D8B /* Factory */,
				42DF053A1BD88EDF00037D8B /* Product */,
			);
			name = ws;
			path = CoffeeKit/ws;
			sourceTree = "<group>";
		};
		42DF05371BD88EDF00037D8B /* Factory */ = {
			isa = PBXGroup;
			children = (
				42DF05381BD88EDF00037D8B /* Abstract */,
				42DF05391BD88EDF00037D8B /* Concrete */,
			);
			path = Factory;
			sourceTree = "<group>";
		};
		42DF05381BD88EDF00037D8B /* Abstract */ = {
			isa = PBXGroup;
			children = (
				42DF057B1BD9A7A100037D8B /* WebServicesAbstracFactoryProtocol.h */,
				42DF057C1BD9A7A100037D8B /* WebServicesAbstractFactory.h */,
				42DF057D1BD9A7A100037D8B /* WebServicesAbstractFactory.m */,
			);
			path = Abstract;
			sourceTree = "<group>";
		};
		42DF05391BD88EDF00037D8B /* Concrete */ = {
			isa = PBXGroup;
			children = (
				42DF057F1BD9A7A900037D8B /* AFNetworking */,
				42DF05801BD9A7A900037D8B /* NSURLSession */,
			);
			path = Concrete;
			sourceTree = "<group>";
		};
		42DF053A1BD88EDF00037D8B /* Product */ = {
			isa = PBXGroup;
			children = (
				42DF053B1BD88EDF00037D8B /* Abstract */,
				42DF053C1BD88EDF00037D8B /* Concrete */,
			);
			path = Product;
			sourceTree = "<group>";
		};
		42DF053B1BD88EDF00037D8B /* Abstract */ = {
			isa = PBXGroup;
			children = (
				42DF05721BD99C5800037D8B /* WSTopReddit.h */,
			);
			path = Abstract;
			sourceTree = "<group>";
		};
		42DF053C1BD88EDF00037D8B /* Concrete */ = {
			isa = PBXGroup;
			children = (
				42DF056D1BD99BAF00037D8B /* NSURLSession */,
				42DF056A1BD99BAF00037D8B /* AFNetworking */,
			);
			path = Concrete;
			sourceTree = "<group>";
		};
		42DF05451BD89CC800037D8B /* ObjectMapping */ = {
			isa = PBXGroup;
			children = (
				42DF05531BD89D6300037D8B /* DataOM.h */,
				42DF05541BD89D6300037D8B /* DataOM.m */,
				42DF05591BD89DBA00037D8B /* SourceOM.h */,
				42DF055A1BD89DBA00037D8B /* SourceOM.m */,
				42DF05641BD8A92100037D8B /* ImageOM.h */,
				42DF05651BD8A92100037D8B /* ImageOM.m */,
			);
			name = ObjectMapping;
			path = CoffeeKit/ObjectMapping;
			sourceTree = "<group>";
		};
		42DF056A1BD99BAF00037D8B /* AFNetworking */ = {
			isa = PBXGroup;
			children = (
				42DF05731BD99F8D00037D8B /* Connection */,
				42DF056B1BD99BAF00037D8B /* WS_AFNetworkingTopReddit.h */,
				42DF056C1BD99BAF00037D8B /* WS_AFNetworkingTopReddit.m */,
			);
			name = AFNetworking;
			path = CoffeeKit/ws/Product/Concrete/AFNetworking;
			sourceTree = SOURCE_ROOT;
		};
		42DF056D1BD99BAF00037D8B /* NSURLSession */ = {
			isa = PBXGroup;
			children = (
				42DF05771BD9A02800037D8B /* Connection */,
				42DF056F1BD99C4300037D8B /* WS_NSURLSessionTopReddit.h */,
				42DF05701BD99C4300037D8B /* WS_NSURLSessionTopReddit.m */,
			);
			name = NSURLSession;
			path = CoffeeKit/ws/Product/Concrete/NSURLSession;
			sourceTree = SOURCE_ROOT;
		};
		42DF05731BD99F8D00037D8B /* Connection */ = {
			isa = PBXGroup;
			children = (
				42DF05741BD99F8D00037D8B /* WS_AFNetworkingConnection.h */,
				42DF05751BD99F8D00037D8B /* WS_AFNetworkingConnection.m */,
			);
			path = Connection;
			sourceTree = "<group>";
		};
		42DF05771BD9A02800037D8B /* Connection */ = {
			isa = PBXGroup;
			children = (
				42DF05781BD9A06C00037D8B /* WS_NSURLSessionConnection.h */,
				42DF05791BD9A06C00037D8B /* WS_NSURLSessionConnection.m */,
			);
			path = Connection;
			sourceTree = "<group>";
		};
		42DF057F1BD9A7A900037D8B /* AFNetworking */ = {
			isa = PBXGroup;
			children = (
				42DF05811BD9A94500037D8B /* WebServicesAFNetworkingFactory.h */,
				42DF05821BD9A94500037D8B /* WebServicesAFNetworkingFactory.m */,
			);
			path = AFNetworking;
			sourceTree = "<group>";
		};
		42DF05801BD9A7A900037D8B /* NSURLSession */ = {
			isa = PBXGroup;
			children = (
				42DF05841BD9A95A00037D8B /* WebServicesNSURLSessionFactory.h */,
				42DF05851BD9A95A00037D8B /* WebServicesNSURLSessionFactory.m */,
			);
			path = NSURLSession;
			sourceTree = "<group>";
		};
		42DF058A1BD9F4C700037D8B /* Cells */ = {
			isa = PBXGroup;
			children = (
				42DF058B1BD9F51500037D8B /* LinkCell.h */,
				42DF058C1BD9F51500037D8B /* LinkCell.m */,
			);
			path = Cells;
			sourceTree = "<group>";
		};
		4B5E4F3135D6ED6637696E70 /* Pods */ = {
			isa = PBXGroup;
			children = (
				15183D62018B5E4CF1B9A1D4 /* Pods.debug.xcconfig */,
				8F84449B9B23B2B816A3BD3B /* Pods.release.xcconfig */,
			);
			name = Pods;
			sourceTree = "<group>";
		};
		BE3B4F76044B4A89BF4F2EBA /* Frameworks */ = {
			isa = PBXGroup;
			children = (
				A6FDE12E64C8480CAB5FEC81 /* libPods.a */,
			);
			name = Frameworks;
			sourceTree = "<group>";
		};
/* End PBXGroup section */

/* Begin PBXNativeTarget section */
		423682B519D9B2AE00DE84EC /* CoffeeKit */ = {
			isa = PBXNativeTarget;
			buildConfigurationList = 423682DC19D9B2AE00DE84EC /* Build configuration list for PBXNativeTarget "CoffeeKit" */;
			buildPhases = (
				DAC4DA68EC56412796FC859D /* Check Pods Manifest.lock */,
				423682B219D9B2AE00DE84EC /* Sources */,
				423682B319D9B2AE00DE84EC /* Frameworks */,
				423682B419D9B2AE00DE84EC /* Resources */,
				93E9EF1F8B894FA290A40D59 /* Copy Pods Resources */,
			);
			buildRules = (
			);
			dependencies = (
			);
			name = CoffeeKit;
			productName = CoffeeKit;
			productReference = 423682B619D9B2AE00DE84EC /* CoffeeKit.app */;
			productType = "com.apple.product-type.application";
		};
		423682D119D9B2AE00DE84EC /* CoffeeKitTests */ = {
			isa = PBXNativeTarget;
			buildConfigurationList = 423682DF19D9B2AE00DE84EC /* Build configuration list for PBXNativeTarget "CoffeeKitTests" */;
			buildPhases = (
				423682CE19D9B2AE00DE84EC /* Sources */,
				423682CF19D9B2AE00DE84EC /* Frameworks */,
				423682D019D9B2AE00DE84EC /* Resources */,
			);
			buildRules = (
			);
			dependencies = (
				423682D419D9B2AE00DE84EC /* PBXTargetDependency */,
			);
			name = CoffeeKitTests;
			productName = CoffeeKitTests;
			productReference = 423682D219D9B2AE00DE84EC /* CoffeeKitTests.xctest */;
			productType = "com.apple.product-type.bundle.unit-test";
		};
/* End PBXNativeTarget section */

/* Begin PBXProject section */
		423682AE19D9B2AE00DE84EC /* Project object */ = {
			isa = PBXProject;
			attributes = {
				LastUpgradeCheck = 0600;
				ORGANIZATIONNAME = "___FlyInc___";
				TargetAttributes = {
					423682B519D9B2AE00DE84EC = {
						CreatedOnToolsVersion = 6.0.1;
					};
					423682D119D9B2AE00DE84EC = {
						CreatedOnToolsVersion = 6.0.1;
						TestTargetID = 423682B519D9B2AE00DE84EC;
					};
				};
			};
			buildConfigurationList = 423682B119D9B2AE00DE84EC /* Build configuration list for PBXProject "RedditTop50" */;
			compatibilityVersion = "Xcode 3.2";
			developmentRegion = English;
			hasScannedForEncodings = 0;
			knownRegions = (
				en,
				Base,
			);
			mainGroup = 423682AD19D9B2AE00DE84EC;
			productRefGroup = 423682B719D9B2AE00DE84EC /* Products */;
			projectDirPath = "";
			projectRoot = "";
			targets = (
				423682B519D9B2AE00DE84EC /* CoffeeKit */,
				423682D119D9B2AE00DE84EC /* CoffeeKitTests */,
			);
		};
/* End PBXProject section */

/* Begin PBXResourcesBuildPhase section */
		423682B419D9B2AE00DE84EC /* Resources */ = {
			isa = PBXResourcesBuildPhase;
			buildActionMask = 2147483647;
			files = (
				423682C819D9B2AE00DE84EC /* Main.storyboard in Resources */,
				423682CD19D9B2AE00DE84EC /* LaunchScreen.xib in Resources */,
				423682CA19D9B2AE00DE84EC /* Images.xcassets in Resources */,
			);
			runOnlyForDeploymentPostprocessing = 0;
		};
		423682D019D9B2AE00DE84EC /* Resources */ = {
			isa = PBXResourcesBuildPhase;
			buildActionMask = 2147483647;
			files = (
			);
			runOnlyForDeploymentPostprocessing = 0;
		};
/* End PBXResourcesBuildPhase section */

/* Begin PBXShellScriptBuildPhase section */
		93E9EF1F8B894FA290A40D59 /* Copy Pods Resources */ = {
			isa = PBXShellScriptBuildPhase;
			buildActionMask = 2147483647;
			files = (
			);
			inputPaths = (
			);
			name = "Copy Pods Resources";
			outputPaths = (
			);
			runOnlyForDeploymentPostprocessing = 0;
			shellPath = /bin/sh;
			shellScript = "\"${SRCROOT}/Pods/Target Support Files/Pods/Pods-resources.sh\"\n";
			showEnvVarsInLog = 0;
		};
		DAC4DA68EC56412796FC859D /* Check Pods Manifest.lock */ = {
			isa = PBXShellScriptBuildPhase;
			buildActionMask = 2147483647;
			files = (
			);
			inputPaths = (
			);
			name = "Check Pods Manifest.lock";
			outputPaths = (
			);
			runOnlyForDeploymentPostprocessing = 0;
			shellPath = /bin/sh;
			shellScript = "diff \"${PODS_ROOT}/../Podfile.lock\" \"${PODS_ROOT}/Manifest.lock\" > /dev/null\nif [[ $? != 0 ]] ; then\n    cat << EOM\nerror: The sandbox is not in sync with the Podfile.lock. Run 'pod install' or update your CocoaPods installation.\nEOM\n    exit 1\nfi\n";
			showEnvVarsInLog = 0;
		};
/* End PBXShellScriptBuildPhase section */

/* Begin PBXSourcesBuildPhase section */
		423682B219D9B2AE00DE84EC /* Sources */ = {
			isa = PBXSourcesBuildPhase;
			buildActionMask = 2147483647;
			files = (
				423682BF19D9B2AE00DE84EC /* AppDelegate.m in Sources */,
				42DF05761BD99F8D00037D8B /* WS_AFNetworkingConnection.m in Sources */,
				42DF056E1BD99BAF00037D8B /* WS_AFNetworkingTopReddit.m in Sources */,
				42DF05861BD9A95A00037D8B /* WebServicesNSURLSessionFactory.m in Sources */,
				4205E2C51BDC532A00275E81 /* NSString+WithHeight.m in Sources */,
				42DF057E1BD9A7A100037D8B /* WebServicesAbstractFactory.m in Sources */,
				42DF058D1BD9F51500037D8B /* LinkCell.m in Sources */,
				42DF05711BD99C4300037D8B /* WS_NSURLSessionTopReddit.m in Sources */,
				42DF05891BD9E59D00037D8B /* Constants.m in Sources */,
				42DF057A1BD9A06C00037D8B /* WS_NSURLSessionConnection.m in Sources */,
				42BFBEE21BDAE75500407326 /* ASFSharedViewTransition.m in Sources */,
				422B32491BDBE2AE00E8FFD8 /* ImageUtilities.m in Sources */,
				42DF05901BD9F53C00037D8B /* DetailViewController.m in Sources */,
				42DF055B1BD89DBA00037D8B /* SourceOM.m in Sources */,
				42DF05831BD9A94500037D8B /* WebServicesAFNetworkingFactory.m in Sources */,
				42DF05421BD88EDF00037D8B /* TableViewController.m in Sources */,
				42DF05931BD9FC1A00037D8B /* CacheManager.m in Sources */,
				423682BC19D9B2AE00DE84EC /* main.m in Sources */,
				42DF05551BD89D6300037D8B /* DataOM.m in Sources */,
				42DF05661BD8A92100037D8B /* ImageOM.m in Sources */,
			);
			runOnlyForDeploymentPostprocessing = 0;
		};
		423682CE19D9B2AE00DE84EC /* Sources */ = {
			isa = PBXSourcesBuildPhase;
			buildActionMask = 2147483647;
			files = (
				423682D919D9B2AE00DE84EC /* CoffeeKitTests.m in Sources */,
			);
			runOnlyForDeploymentPostprocessing = 0;
		};
/* End PBXSourcesBuildPhase section */

/* Begin PBXTargetDependency section */
		423682D419D9B2AE00DE84EC /* PBXTargetDependency */ = {
			isa = PBXTargetDependency;
			target = 423682B519D9B2AE00DE84EC /* CoffeeKit */;
			targetProxy = 423682D319D9B2AE00DE84EC /* PBXContainerItemProxy */;
		};
/* End PBXTargetDependency section */

/* Begin PBXVariantGroup section */
		423682C619D9B2AE00DE84EC /* Main.storyboard */ = {
			isa = PBXVariantGroup;
			children = (
				423682C719D9B2AE00DE84EC /* Base */,
			);
			name = Main.storyboard;
			sourceTree = "<group>";
		};
		423682CB19D9B2AE00DE84EC /* LaunchScreen.xib */ = {
			isa = PBXVariantGroup;
			children = (
				423682CC19D9B2AE00DE84EC /* Base */,
			);
			name = LaunchScreen.xib;
			sourceTree = "<group>";
		};
/* End PBXVariantGroup section */

/* Begin XCBuildConfiguration section */
		423682DA19D9B2AE00DE84EC /* Debug */ = {
			isa = XCBuildConfiguration;
			buildSettings = {
				ALWAYS_SEARCH_USER_PATHS = NO;
				CLANG_CXX_LANGUAGE_STANDARD = "gnu++0x";
				CLANG_CXX_LIBRARY = "libc++";
				CLANG_ENABLE_MODULES = YES;
				CLANG_ENABLE_OBJC_ARC = YES;
				CLANG_WARN_BOOL_CONVERSION = YES;
				CLANG_WARN_CONSTANT_CONVERSION = YES;
				CLANG_WARN_DIRECT_OBJC_ISA_USAGE = YES_ERROR;
				CLANG_WARN_EMPTY_BODY = YES;
				CLANG_WARN_ENUM_CONVERSION = YES;
				CLANG_WARN_INT_CONVERSION = YES;
				CLANG_WARN_OBJC_ROOT_CLASS = YES_ERROR;
				CLANG_WARN_UNREACHABLE_CODE = YES;
				CLANG_WARN__DUPLICATE_METHOD_MATCH = YES;
				"CODE_SIGN_IDENTITY[sdk=iphoneos*]" = "iPhone Developer";
				COPY_PHASE_STRIP = NO;
				ENABLE_STRICT_OBJC_MSGSEND = YES;
				GCC_C_LANGUAGE_STANDARD = gnu99;
				GCC_DYNAMIC_NO_PIC = NO;
				GCC_OPTIMIZATION_LEVEL = 0;
				GCC_PREPROCESSOR_DEFINITIONS = (
					"DEBUG=1",
					"$(inherited)",
				);
				GCC_SYMBOLS_PRIVATE_EXTERN = NO;
				GCC_WARN_64_TO_32_BIT_CONVERSION = YES;
				GCC_WARN_ABOUT_RETURN_TYPE = YES_ERROR;
				GCC_WARN_UNDECLARED_SELECTOR = YES;
				GCC_WARN_UNINITIALIZED_AUTOS = YES_AGGRESSIVE;
				GCC_WARN_UNUSED_FUNCTION = YES;
				GCC_WARN_UNUSED_VARIABLE = YES;
				IPHONEOS_DEPLOYMENT_TARGET = 8.3;
				MTL_ENABLE_DEBUG_INFO = YES;
				ONLY_ACTIVE_ARCH = YES;
				SDKROOT = iphoneos;
			};
			name = Debug;
		};
		423682DB19D9B2AE00DE84EC /* Release */ = {
			isa = XCBuildConfiguration;
			buildSettings = {
				ALWAYS_SEARCH_USER_PATHS = NO;
				CLANG_CXX_LANGUAGE_STANDARD = "gnu++0x";
				CLANG_CXX_LIBRARY = "libc++";
				CLANG_ENABLE_MODULES = YES;
				CLANG_ENABLE_OBJC_ARC = YES;
				CLANG_WARN_BOOL_CONVERSION = YES;
				CLANG_WARN_CONSTANT_CONVERSION = YES;
				CLANG_WARN_DIRECT_OBJC_ISA_USAGE = YES_ERROR;
				CLANG_WARN_EMPTY_BODY = YES;
				CLANG_WARN_ENUM_CONVERSION = YES;
				CLANG_WARN_INT_CONVERSION = YES;
				CLANG_WARN_OBJC_ROOT_CLASS = YES_ERROR;
				CLANG_WARN_UNREACHABLE_CODE = YES;
				CLANG_WARN__DUPLICATE_METHOD_MATCH = YES;
				"CODE_SIGN_IDENTITY[sdk=iphoneos*]" = "iPhone Developer";
				COPY_PHASE_STRIP = YES;
				ENABLE_NS_ASSERTIONS = NO;
				ENABLE_STRICT_OBJC_MSGSEND = YES;
				GCC_C_LANGUAGE_STANDARD = gnu99;
				GCC_WARN_64_TO_32_BIT_CONVERSION = YES;
				GCC_WARN_ABOUT_RETURN_TYPE = YES_ERROR;
				GCC_WARN_UNDECLARED_SELECTOR = YES;
				GCC_WARN_UNINITIALIZED_AUTOS = YES_AGGRESSIVE;
				GCC_WARN_UNUSED_FUNCTION = YES;
				GCC_WARN_UNUSED_VARIABLE = YES;
				IPHONEOS_DEPLOYMENT_TARGET = 8.3;
				MTL_ENABLE_DEBUG_INFO = NO;
				SDKROOT = iphoneos;
				VALIDATE_PRODUCT = YES;
			};
			name = Release;
		};
		423682DD19D9B2AE00DE84EC /* Debug */ = {
			isa = XCBuildConfiguration;
			baseConfigurationReference = 15183D62018B5E4CF1B9A1D4 /* Pods.debug.xcconfig */;
			buildSettings = {
				ASSETCATALOG_COMPILER_APPICON_NAME = AppIcon;
				INFOPLIST_FILE = CoffeeKit/Info.plist;
				IPHONEOS_DEPLOYMENT_TARGET = 8.3;
				LD_RUNPATH_SEARCH_PATHS = "$(inherited) @executable_path/Frameworks";
				PRODUCT_NAME = "$(TARGET_NAME)";
			};
			name = Debug;
		};
		423682DE19D9B2AE00DE84EC /* Release */ = {
			isa = XCBuildConfiguration;
			baseConfigurationReference = 8F84449B9B23B2B816A3BD3B /* Pods.release.xcconfig */;
			buildSettings = {
				ASSETCATALOG_COMPILER_APPICON_NAME = AppIcon;
				INFOPLIST_FILE = CoffeeKit/Info.plist;
				IPHONEOS_DEPLOYMENT_TARGET = 8.3;
				LD_RUNPATH_SEARCH_PATHS = "$(inherited) @executable_path/Frameworks";
				PRODUCT_NAME = "$(TARGET_NAME)";
			};
			name = Release;
		};
		423682E019D9B2AE00DE84EC /* Debug */ = {
			isa = XCBuildConfiguration;
			buildSettings = {
				BUNDLE_LOADER = "$(TEST_HOST)";
				FRAMEWORK_SEARCH_PATHS = (
					"$(SDKROOT)/Developer/Library/Frameworks",
					"$(inherited)",
				);
				GCC_PREPROCESSOR_DEFINITIONS = (
					"DEBUG=1",
					"$(inherited)",
				);
				INFOPLIST_FILE = CoffeeKitTests/Info.plist;
				LD_RUNPATH_SEARCH_PATHS = "$(inherited) @executable_path/Frameworks @loader_path/Frameworks";
				PRODUCT_NAME = "$(TARGET_NAME)";
				TEST_HOST = "$(BUILT_PRODUCTS_DIR)/CoffeeKit.app/CoffeeKit";
			};
			name = Debug;
		};
		423682E119D9B2AE00DE84EC /* Release */ = {
			isa = XCBuildConfiguration;
			buildSettings = {
				BUNDLE_LOADER = "$(TEST_HOST)";
				FRAMEWORK_SEARCH_PATHS = (
					"$(SDKROOT)/Developer/Library/Frameworks",
					"$(inherited)",
				);
				INFOPLIST_FILE = CoffeeKitTests/Info.plist;
				LD_RUNPATH_SEARCH_PATHS = "$(inherited) @executable_path/Frameworks @loader_path/Frameworks";
				PRODUCT_NAME = "$(TARGET_NAME)";
				TEST_HOST = "$(BUILT_PRODUCTS_DIR)/CoffeeKit.app/CoffeeKit";
			};
			name = Release;
		};
/* End XCBuildConfiguration section */

/* Begin XCConfigurationList section */
		423682B119D9B2AE00DE84EC /* Build configuration list for PBXProject "RedditTop50" */ = {
			isa = XCConfigurationList;
			buildConfigurations = (
				423682DA19D9B2AE00DE84EC /* Debug */,
				423682DB19D9B2AE00DE84EC /* Release */,
			);
			defaultConfigurationIsVisible = 0;
			defaultConfigurationName = Release;
		};
		423682DC19D9B2AE00DE84EC /* Build configuration list for PBXNativeTarget "CoffeeKit" */ = {
			isa = XCConfigurationList;
			buildConfigurations = (
				423682DD19D9B2AE00DE84EC /* Debug */,
				423682DE19D9B2AE00DE84EC /* Release */,
			);
			defaultConfigurationIsVisible = 0;
			defaultConfigurationName = Release;
		};
		423682DF19D9B2AE00DE84EC /* Build configuration list for PBXNativeTarget "CoffeeKitTests" */ = {
			isa = XCConfigurationList;
			buildConfigurations = (
				423682E019D9B2AE00DE84EC /* Debug */,
				423682E119D9B2AE00DE84EC /* Release */,
			);
			defaultConfigurationIsVisible = 0;
			defaultConfigurationName = Release;
		};
/* End XCConfigurationList section */
	};
	rootObject = 423682AE19D9B2AE00DE84EC /* Project object */;
}
